{
  "nodes": {
    "nixpkgs": {
      "locked": {
        "lastModified": 1736722253,
        "narHash": "sha256-yLzXqFC1GSGtqXuLddg+SAog1fXZP73vVRLbU1Uyw4E=",
        "owner": "nixos",
        "repo": "nixpkgs",
        "rev": "587a746652d8c708111c30e681e31d024c64793a",
        "type": "github"
      },
      "original": {
        "owner": "nixos",
        "ref": "release-24.11",
        "repo": "nixpkgs",
        "type": "github"
      }
    },
    "root": {
      "inputs": {
        "nixpkgs": "nixpkgs"
      }
    }
  },
  "root": "root",
  "version": 7
}
